{
  "name": "ecomerce",
  "lockfileVersion": 3,
  "requires": true,
  "packages": {
    "": {
      "devDependencies": {
        "@kamona/tailwindcss-perspective": "^0.1.1"
      }
    },
    "node_modules/@kamona/tailwindcss-perspective": {
      "version": "0.1.1",
      "resolved": "https://registry.npmjs.org/@kamona/tailwindcss-perspective/-/tailwindcss-perspective-0.1.1.tgz",
      "integrity": "sha512-ayC/wnfR1EYBIc3ShDKp8oYfZTPPo1aRcEuMVI+BcoUz28bsxtEpiakS0Gc6vvXi9LjKuJillJYShMl+qGldEw==",
      "dev": true,
      "license": "MIT",
      "peerDependencies": {
        "tailwindcss": ">=2.2.0"
      }
    }
  }
}
